{
  "version": "5",
  "specifiers": {
    "jsr:@eemeli/yaml@^2.8.0": "2.8.0",
    "jsr:@melvdouc/xml-parser@*": "0.1.1",
    "jsr:@melvdouc/xml-parser@~0.1.1": "0.1.1",
    "jsr:@std/assert@1": "1.0.13",
    "jsr:@std/fs@^1.0.18": "1.0.18",
    "jsr:@std/internal@^1.0.6": "1.0.8",
    "jsr:@std/path@^1.1.0": "1.1.0"
  },
  "jsr": {
    "@eemeli/yaml@2.8.0": {
      "integrity": "ebc4e9fd36298bebdfa0d04176b17a6a7bfde3f9a1046e53f4bd2d9440cc586c"
    },
    "@melvdouc/xml-parser@0.1.1": {
      "integrity": "5c79d37c6471cb74efb344988317270b57b4f181decb873e441453db42eb6e5f"
    },
    "@std/assert@1.0.13": {
      "integrity": "ae0d31e41919b12c656c742b22522c32fb26ed0cba32975cb0de2a273cb68b29",
      "dependencies": [
        "jsr:@std/internal"
      ]
    },
    "@std/fs@1.0.18": {
      "integrity": "24bcad99eab1af4fde75e05da6e9ed0e0dce5edb71b7e34baacf86ffe3969f3a",
      "dependencies": [
        "jsr:@std/path"
      ]
    },
    "@std/internal@1.0.8": {
      "integrity": "fc66e846d8d38a47cffd274d80d2ca3f0de71040f855783724bb6b87f60891f5"
    },
    "@std/path@1.1.0": {
      "integrity": "ddc94f8e3c275627281cbc23341df6b8bcc874d70374f75fec2533521e3d6886"
    }
  },
  "workspace": {
    "dependencies": [
      "jsr:@eemeli/yaml@^2.8.0",
      "jsr:@melvdouc/xml-parser@~0.1.1",
      "jsr:@std/assert@1",
      "jsr:@std/fs@^1.0.18"
    ]
  }
}
